
Microsoft Visual Studio Solution File, Format Version 12.00
# Visual Studio Version 17
VisualStudioVersion = 17.8.34330.188
MinimumVisualStudioVersion = 10.0.40219.1
Project("{FAE04EC0-301F-11D3-BF4B-00C04F79EFBC}") = "5- X-O Project", "5- X-O Project.csproj", "{C181B6AE-950D-4827-8FBF-36147C530B7A}"
EndProject
Global
	GlobalSection(SolutionConfigurationPlatforms) = preSolution
		Debug|Any CPU = Debug|Any CPU
		Release|Any CPU = Release|Any CPU
	EndGlobalSection
	GlobalSection(ProjectConfigurationPlatforms) = postSolution
		{C181B6AE-950D-4827-8FBF-36147C530B7A}.Debug|Any CPU.ActiveCfg = Debug|Any CPU
		{C181B6AE-950D-4827-8FBF-36147C530B7A}.Debug|Any CPU.Build.0 = Debug|Any CPU
		{C181B6AE-950D-4827-8FBF-36147C530B7A}.Release|Any CPU.ActiveCfg = Release|Any CPU
		{C181B6AE-950D-4827-8FBF-36147C530B7A}.Release|Any CPU.Build.0 = Release|Any CPU
	EndGlobalSection
	GlobalSection(SolutionProperties) = preSolution
		HideSolutionNode = FALSE
	EndGlobalSection
	GlobalSection(ExtensibilityGlobals) = postSolution
		SolutionGuid = {CA3170B0-977A-4DE7-9C0E-4217BA4EE555}
	EndGlobalSection
EndGlobal
